
Microsoft Visual Studio Solution File, Format Version 12.00
# Visual Studio 2012
Project("{8BC9CEB8-8B4A-11D0-8D11-00A0C91BC942}") = "BinTree", "BinTree\BinTree.vcxproj", "{0A4FF9A0-E4D5-4B4F-A1A1-5E9D2F9365C9}"
EndProject
Global
	GlobalSection(SolutionConfigurationPlatforms) = preSolution
		Debug|Win32 = Debug|Win32
		Release|Win32 = Release|Win32
	EndGlobalSection
	GlobalSection(ProjectConfigurationPlatforms) = postSolution
		{0A4FF9A0-E4D5-4B4F-A1A1-5E9D2F9365C9}.Debug|Win32.ActiveCfg = Debug|Win32
		{0A4FF9A0-E4D5-4B4F-A1A1-5E9D2F9365C9}.Debug|Win32.Build.0 = Debug|Win32
		{0A4FF9A0-E4D5-4B4F-A1A1-5E9D2F9365C9}.Release|Win32.ActiveCfg = Release|Win32
		{0A4FF9A0-E4D5-4B4F-A1A1-5E9D2F9365C9}.Release|Win32.Build.0 = Release|Win32
	EndGlobalSection
	GlobalSection(SolutionProperties) = preSolution
		HideSolutionNode = FALSE
	EndGlobalSection
EndGlobal
